
Microsoft Visual Studio Solution File, Format Version 12.00
# Visual Studio 15
VisualStudioVersion = 15.0.28307.902
MinimumVisualStudioVersion = 10.0.40219.1
Project("{FAE04EC0-301F-11D3-BF4B-00C04F79EFBC}") = "Otomasyon", "Otomasyon\Otomasyon.csproj", "{04C02188-80DC-48B1-9A89-32DDA9377A03}"
EndProject
Global
	GlobalSection(SolutionConfigurationPlatforms) = preSolution
		Debug|Any CPU = Debug|Any CPU
		Release|Any CPU = Release|Any CPU
	EndGlobalSection
	GlobalSection(ProjectConfigurationPlatforms) = postSolution
		{04C02188-80DC-48B1-9A89-32DDA9377A03}.Debug|Any CPU.ActiveCfg = Debug|Any CPU
		{04C02188-80DC-48B1-9A89-32DDA9377A03}.Debug|Any CPU.Build.0 = Debug|Any CPU
		{04C02188-80DC-48B1-9A89-32DDA9377A03}.Release|Any CPU.ActiveCfg = Release|Any CPU
		{04C02188-80DC-48B1-9A89-32DDA9377A03}.Release|Any CPU.Build.0 = Release|Any CPU
	EndGlobalSection
	GlobalSection(SolutionProperties) = preSolution
		HideSolutionNode = FALSE
	EndGlobalSection
	GlobalSection(ExtensibilityGlobals) = postSolution
		SolutionGuid = {C395ED26-07DC-4C5C-95EB-E8C87A3B4FB0}
	EndGlobalSection
EndGlobal
